
Microsoft Visual Studio Solution File, Format Version 12.00
# Visual Studio Version 16
VisualStudioVersion = 16.0.30804.86
MinimumVisualStudioVersion = 10.0.40219.1
Project("{FAE04EC0-301F-11D3-BF4B-00C04F79EFBC}") = "BadgerApp.Android", "BadgerApp\BadgerApp.Android\BadgerApp.Android.csproj", "{CC4F057A-E02C-49F5-B4A3-42A75164D819}"
EndProject
Project("{FAE04EC0-301F-11D3-BF4B-00C04F79EFBC}") = "BadgerApp.iOS", "BadgerApp\BadgerApp.iOS\BadgerApp.iOS.csproj", "{6C2082D0-C819-4FA1-8108-B6B2A9D52B0E}"
EndProject
Project("{9A19103F-16F7-4668-BE54-9A1E7A4F7556}") = "BadgerApp", "BadgerApp\BadgerApp\BadgerApp.csproj", "{F5D70CB4-E6FE-48D8-A86E-1B74C847D03E}"
	ProjectSection(ProjectDependencies) = postProject
		{9D9A328A-6E96-4F2A-AF6C-A96EF1F85AB7} = {9D9A328A-6E96-4F2A-AF6C-A96EF1F85AB7}
	EndProjectSection
EndProject
Project("{FAE04EC0-301F-11D3-BF4B-00C04F79EFBC}") = "ImageConvert", "ImageConvert\ImageConvert.csproj", "{68B47791-EC98-4901-A3C1-BEF7E6CCFDB2}"
EndProject
Project("{FAE04EC0-301F-11D3-BF4B-00C04F79EFBC}") = "ImageLib", "ImageLib\ImageLib.csproj", "{9D9A328A-6E96-4F2A-AF6C-A96EF1F85AB7}"
EndProject
Global
	GlobalSection(SolutionConfigurationPlatforms) = preSolution
		Debug|Any CPU = Debug|Any CPU
		Debug|iPhone = Debug|iPhone
		Debug|iPhoneSimulator = Debug|iPhoneSimulator
		Release|Any CPU = Release|Any CPU
		Release|iPhone = Release|iPhone
		Release|iPhoneSimulator = Release|iPhoneSimulator
	EndGlobalSection
	GlobalSection(ProjectConfigurationPlatforms) = postSolution
		{CC4F057A-E02C-49F5-B4A3-42A75164D819}.Debug|Any CPU.ActiveCfg = Debug|Any CPU
		{CC4F057A-E02C-49F5-B4A3-42A75164D819}.Debug|Any CPU.Build.0 = Debug|Any CPU
		{CC4F057A-E02C-49F5-B4A3-42A75164D819}.Debug|Any CPU.Deploy.0 = Debug|Any CPU
		{CC4F057A-E02C-49F5-B4A3-42A75164D819}.Debug|iPhone.ActiveCfg = Debug|Any CPU
		{CC4F057A-E02C-49F5-B4A3-42A75164D819}.Debug|iPhone.Build.0 = Debug|Any CPU
		{CC4F057A-E02C-49F5-B4A3-42A75164D819}.Debug|iPhone.Deploy.0 = Debug|Any CPU
		{CC4F057A-E02C-49F5-B4A3-42A75164D819}.Debug|iPhoneSimulator.ActiveCfg = Debug|Any CPU
		{CC4F057A-E02C-49F5-B4A3-42A75164D819}.Debug|iPhoneSimulator.Build.0 = Debug|Any CPU
		{CC4F057A-E02C-49F5-B4A3-42A75164D819}.Debug|iPhoneSimulator.Deploy.0 = Debug|Any CPU
		{CC4F057A-E02C-49F5-B4A3-42A75164D819}.Release|Any CPU.ActiveCfg = Release|Any CPU
		{CC4F057A-E02C-49F5-B4A3-42A75164D819}.Release|Any CPU.Build.0 = Release|Any CPU
		{CC4F057A-E02C-49F5-B4A3-42A75164D819}.Release|Any CPU.Deploy.0 = Release|Any CPU
		{CC4F057A-E02C-49F5-B4A3-42A75164D819}.Release|iPhone.ActiveCfg = Release|Any CPU
		{CC4F057A-E02C-49F5-B4A3-42A75164D819}.Release|iPhone.Build.0 = Release|Any CPU
		{CC4F057A-E02C-49F5-B4A3-42A75164D819}.Release|iPhone.Deploy.0 = Release|Any CPU
		{CC4F057A-E02C-49F5-B4A3-42A75164D819}.Release|iPhoneSimulator.ActiveCfg = Release|Any CPU
		{CC4F057A-E02C-49F5-B4A3-42A75164D819}.Release|iPhoneSimulator.Build.0 = Release|Any CPU
		{CC4F057A-E02C-49F5-B4A3-42A75164D819}.Release|iPhoneSimulator.Deploy.0 = Release|Any CPU
		{6C2082D0-C819-4FA1-8108-B6B2A9D52B0E}.Debug|Any CPU.ActiveCfg = Debug|iPhone
		{6C2082D0-C819-4FA1-8108-B6B2A9D52B0E}.Debug|Any CPU.Build.0 = Debug|iPhone
		{6C2082D0-C819-4FA1-8108-B6B2A9D52B0E}.Debug|Any CPU.Deploy.0 = Debug|iPhone
		{6C2082D0-C819-4FA1-8108-B6B2A9D52B0E}.Debug|iPhone.ActiveCfg = Debug|iPhone
		{6C2082D0-C819-4FA1-8108-B6B2A9D52B0E}.Debug|iPhone.Build.0 = Debug|iPhone
		{6C2082D0-C819-4FA1-8108-B6B2A9D52B0E}.Debug|iPhone.Deploy.0 = Debug|iPhone
		{6C2082D0-C819-4FA1-8108-B6B2A9D52B0E}.Debug|iPhoneSimulator.ActiveCfg = Debug|iPhoneSimulator
		{6C2082D0-C819-4FA1-8108-B6B2A9D52B0E}.Debug|iPhoneSimulator.Build.0 = Debug|iPhoneSimulator
		{6C2082D0-C819-4FA1-8108-B6B2A9D52B0E}.Debug|iPhoneSimulator.Deploy.0 = Debug|iPhoneSimulator
		{6C2082D0-C819-4FA1-8108-B6B2A9D52B0E}.Release|Any CPU.ActiveCfg = Release|iPhoneSimulator
		{6C2082D0-C819-4FA1-8108-B6B2A9D52B0E}.Release|Any CPU.Build.0 = Release|iPhoneSimulator
		{6C2082D0-C819-4FA1-8108-B6B2A9D52B0E}.Release|Any CPU.Deploy.0 = Release|iPhoneSimulator
		{6C2082D0-C819-4FA1-8108-B6B2A9D52B0E}.Release|iPhone.ActiveCfg = Release|iPhone
		{6C2082D0-C819-4FA1-8108-B6B2A9D52B0E}.Release|iPhone.Build.0 = Release|iPhone
		{6C2082D0-C819-4FA1-8108-B6B2A9D52B0E}.Release|iPhone.Deploy.0 = Release|iPhone
		{6C2082D0-C819-4FA1-8108-B6B2A9D52B0E}.Release|iPhoneSimulator.ActiveCfg = Release|iPhoneSimulator
		{6C2082D0-C819-4FA1-8108-B6B2A9D52B0E}.Release|iPhoneSimulator.Build.0 = Release|iPhoneSimulator
		{6C2082D0-C819-4FA1-8108-B6B2A9D52B0E}.Release|iPhoneSimulator.Deploy.0 = Release|iPhoneSimulator
		{F5D70CB4-E6FE-48D8-A86E-1B74C847D03E}.Debug|Any CPU.ActiveCfg = Debug|Any CPU
		{F5D70CB4-E6FE-48D8-A86E-1B74C847D03E}.Debug|Any CPU.Build.0 = Debug|Any CPU
		{F5D70CB4-E6FE-48D8-A86E-1B74C847D03E}.Debug|Any CPU.Deploy.0 = Debug|Any CPU
		{F5D70CB4-E6FE-48D8-A86E-1B74C847D03E}.Debug|iPhone.ActiveCfg = Debug|Any CPU
		{F5D70CB4-E6FE-48D8-A86E-1B74C847D03E}.Debug|iPhone.Build.0 = Debug|Any CPU
		{F5D70CB4-E6FE-48D8-A86E-1B74C847D03E}.Debug|iPhone.Deploy.0 = Debug|Any CPU
		{F5D70CB4-E6FE-48D8-A86E-1B74C847D03E}.Debug|iPhoneSimulator.ActiveCfg = Debug|Any CPU
		{F5D70CB4-E6FE-48D8-A86E-1B74C847D03E}.Debug|iPhoneSimulator.Build.0 = Debug|Any CPU
		{F5D70CB4-E6FE-48D8-A86E-1B74C847D03E}.Debug|iPhoneSimulator.Deploy.0 = Debug|Any CPU
		{F5D70CB4-E6FE-48D8-A86E-1B74C847D03E}.Release|Any CPU.ActiveCfg = Release|Any CPU
		{F5D70CB4-E6FE-48D8-A86E-1B74C847D03E}.Release|Any CPU.Build.0 = Release|Any CPU
		{F5D70CB4-E6FE-48D8-A86E-1B74C847D03E}.Release|Any CPU.Deploy.0 = Release|Any CPU
		{F5D70CB4-E6FE-48D8-A86E-1B74C847D03E}.Release|iPhone.ActiveCfg = Release|Any CPU
		{F5D70CB4-E6FE-48D8-A86E-1B74C847D03E}.Release|iPhone.Build.0 = Release|Any CPU
		{F5D70CB4-E6FE-48D8-A86E-1B74C847D03E}.Release|iPhone.Deploy.0 = Release|Any CPU
		{F5D70CB4-E6FE-48D8-A86E-1B74C847D03E}.Release|iPhoneSimulator.ActiveCfg = Release|Any CPU
		{F5D70CB4-E6FE-48D8-A86E-1B74C847D03E}.Release|iPhoneSimulator.Build.0 = Release|Any CPU
		{F5D70CB4-E6FE-48D8-A86E-1B74C847D03E}.Release|iPhoneSimulator.Deploy.0 = Release|Any CPU
		{68B47791-EC98-4901-A3C1-BEF7E6CCFDB2}.Debug|Any CPU.ActiveCfg = Debug|Any CPU
		{68B47791-EC98-4901-A3C1-BEF7E6CCFDB2}.Debug|Any CPU.Build.0 = Debug|Any CPU
		{68B47791-EC98-4901-A3C1-BEF7E6CCFDB2}.Debug|iPhone.ActiveCfg = Debug|Any CPU
		{68B47791-EC98-4901-A3C1-BEF7E6CCFDB2}.Debug|iPhone.Build.0 = Debug|Any CPU
		{68B47791-EC98-4901-A3C1-BEF7E6CCFDB2}.Debug|iPhoneSimulator.ActiveCfg = Debug|Any CPU
		{68B47791-EC98-4901-A3C1-BEF7E6CCFDB2}.Debug|iPhoneSimulator.Build.0 = Debug|Any CPU
		{68B47791-EC98-4901-A3C1-BEF7E6CCFDB2}.Release|Any CPU.ActiveCfg = Release|Any CPU
		{68B47791-EC98-4901-A3C1-BEF7E6CCFDB2}.Release|Any CPU.Build.0 = Release|Any CPU
		{68B47791-EC98-4901-A3C1-BEF7E6CCFDB2}.Release|iPhone.ActiveCfg = Release|Any CPU
		{68B47791-EC98-4901-A3C1-BEF7E6CCFDB2}.Release|iPhone.Build.0 = Release|Any CPU
		{68B47791-EC98-4901-A3C1-BEF7E6CCFDB2}.Release|iPhoneSimulator.ActiveCfg = Release|Any CPU
		{68B47791-EC98-4901-A3C1-BEF7E6CCFDB2}.Release|iPhoneSimulator.Build.0 = Release|Any CPU
		{9D9A328A-6E96-4F2A-AF6C-A96EF1F85AB7}.Debug|Any CPU.ActiveCfg = Debug|Any CPU
		{9D9A328A-6E96-4F2A-AF6C-A96EF1F85AB7}.Debug|Any CPU.Build.0 = Debug|Any CPU
		{9D9A328A-6E96-4F2A-AF6C-A96EF1F85AB7}.Debug|iPhone.ActiveCfg = Debug|Any CPU
		{9D9A328A-6E96-4F2A-AF6C-A96EF1F85AB7}.Debug|iPhone.Build.0 = Debug|Any CPU
		{9D9A328A-6E96-4F2A-AF6C-A96EF1F85AB7}.Debug|iPhoneSimulator.ActiveCfg = Debug|Any CPU
		{9D9A328A-6E96-4F2A-AF6C-A96EF1F85AB7}.Debug|iPhoneSimulator.Build.0 = Debug|Any CPU
		{9D9A328A-6E96-4F2A-AF6C-A96EF1F85AB7}.Release|Any CPU.ActiveCfg = Release|Any CPU
		{9D9A328A-6E96-4F2A-AF6C-A96EF1F85AB7}.Release|Any CPU.Build.0 = Release|Any CPU
		{9D9A328A-6E96-4F2A-AF6C-A96EF1F85AB7}.Release|iPhone.ActiveCfg = Release|Any CPU
		{9D9A328A-6E96-4F2A-AF6C-A96EF1F85AB7}.Release|iPhone.Build.0 = Release|Any CPU
		{9D9A328A-6E96-4F2A-AF6C-A96EF1F85AB7}.Release|iPhoneSimulator.ActiveCfg = Release|Any CPU
		{9D9A328A-6E96-4F2A-AF6C-A96EF1F85AB7}.Release|iPhoneSimulator.Build.0 = Release|Any CPU
	EndGlobalSection
	GlobalSection(SolutionProperties) = preSolution
		HideSolutionNode = FALSE
	EndGlobalSection
	GlobalSection(ExtensibilityGlobals) = postSolution
		SolutionGuid = {38A62692-7267-4B1C-B003-0E5E11EFA9D8}
	EndGlobalSection
EndGlobal
